
Microsoft Visual Studio Solution File, Format Version 12.00
# Visual Studio Version 16
VisualStudioVersion = 16.0.32802.440
MinimumVisualStudioVersion = 10.0.40219.1
Project("{8BC9CEB8-8B4A-11D0-8D11-00A0C91BC942}") = "practice", "practice\practice.vcxproj", "{97579EDD-0AE9-46E6-BBE9-F7E3315FCD1B}"
EndProject
Project("{8BC9CEB8-8B4A-11D0-8D11-00A0C91BC942}") = "sorting", "search\search.vcxproj", "{AA57CE39-2D09-4886-88A8-B670AE1957B9}"
EndProject
Project("{8BC9CEB8-8B4A-11D0-8D11-00A0C91BC942}") = "guess_the_number", "guess_the_number\guess_the_number.vcxproj", "{8DC4C4B2-DEE1-4FF8-9916-D8DB2F97E31E}"
EndProject
Project("{8BC9CEB8-8B4A-11D0-8D11-00A0C91BC942}") = "num_word_counter", "num_word_counter\num_word_counter.vcxproj", "{DF5D4168-0460-40DD-AC8A-E56F8B2E425D}"
EndProject
Project("{8BC9CEB8-8B4A-11D0-8D11-00A0C91BC942}") = "str_xy_len", "str_xy_len\str_xy_len.vcxproj", "{AA4B3E1B-6FD1-476A-8FA8-D1871FD0B415}"
EndProject
Project("{8BC9CEB8-8B4A-11D0-8D11-00A0C91BC942}") = "recursion", "recursion\recursion.vcxproj", "{C97EE50F-3BCB-4860-9A09-481E11BD4549}"
EndProject
Project("{8BC9CEB8-8B4A-11D0-8D11-00A0C91BC942}") = "types_of_searching", "types_of_searching\types_of_searching.vcxproj", "{2DE07ABB-5EBB-4EB6-9562-3AA9E98F51BA}"
EndProject
Project("{8BC9CEB8-8B4A-11D0-8D11-00A0C91BC942}") = "bulls_and_cows", "bulls_and_cows\bulls_and_cows.vcxproj", "{8502C3E6-883F-43C9-BF2A-827E633238F1}"
EndProject
Project("{8BC9CEB8-8B4A-11D0-8D11-00A0C91BC942}") = "student_exam", "student_exam\student_exam.vcxproj", "{1322F37E-9753-46A9-B47B-26D0DA8ADA78}"
EndProject
Project("{8BC9CEB8-8B4A-11D0-8D11-00A0C91BC942}") = "task1", "task1\task1.vcxproj", "{11185424-BAE3-41B5-A285-B7E0EEC0C828}"
EndProject
Project("{8BC9CEB8-8B4A-11D0-8D11-00A0C91BC942}") = "checkout", "checkout\checkout.vcxproj", "{042851CD-5C7D-40AF-9402-93F021679670}"
EndProject
Project("{8BC9CEB8-8B4A-11D0-8D11-00A0C91BC942}") = "ФИИТ", "ФИИТ\ФИИТ.vcxproj", "{BA234253-B739-4BD5-9F8F-75AB3F8B104D}"
EndProject
Project("{8BC9CEB8-8B4A-11D0-8D11-00A0C91BC942}") = "malloc", "malloc\malloc.vcxproj", "{9CF654CF-78E4-480F-8AF9-5F674E43AB90}"
EndProject
Global
	GlobalSection(SolutionConfigurationPlatforms) = preSolution
		Debug|x64 = Debug|x64
		Debug|x86 = Debug|x86
		Release|x64 = Release|x64
		Release|x86 = Release|x86
	EndGlobalSection
	GlobalSection(ProjectConfigurationPlatforms) = postSolution
		{97579EDD-0AE9-46E6-BBE9-F7E3315FCD1B}.Debug|x64.ActiveCfg = Debug|x64
		{97579EDD-0AE9-46E6-BBE9-F7E3315FCD1B}.Debug|x64.Build.0 = Debug|x64
		{97579EDD-0AE9-46E6-BBE9-F7E3315FCD1B}.Debug|x86.ActiveCfg = Debug|Win32
		{97579EDD-0AE9-46E6-BBE9-F7E3315FCD1B}.Debug|x86.Build.0 = Debug|Win32
		{97579EDD-0AE9-46E6-BBE9-F7E3315FCD1B}.Release|x64.ActiveCfg = Release|x64
		{97579EDD-0AE9-46E6-BBE9-F7E3315FCD1B}.Release|x64.Build.0 = Release|x64
		{97579EDD-0AE9-46E6-BBE9-F7E3315FCD1B}.Release|x86.ActiveCfg = Release|Win32
		{97579EDD-0AE9-46E6-BBE9-F7E3315FCD1B}.Release|x86.Build.0 = Release|Win32
		{AA57CE39-2D09-4886-88A8-B670AE1957B9}.Debug|x64.ActiveCfg = Debug|x64
		{AA57CE39-2D09-4886-88A8-B670AE1957B9}.Debug|x64.Build.0 = Debug|x64
		{AA57CE39-2D09-4886-88A8-B670AE1957B9}.Debug|x86.ActiveCfg = Debug|Win32
		{AA57CE39-2D09-4886-88A8-B670AE1957B9}.Debug|x86.Build.0 = Debug|Win32
		{AA57CE39-2D09-4886-88A8-B670AE1957B9}.Release|x64.ActiveCfg = Release|x64
		{AA57CE39-2D09-4886-88A8-B670AE1957B9}.Release|x64.Build.0 = Release|x64
		{AA57CE39-2D09-4886-88A8-B670AE1957B9}.Release|x86.ActiveCfg = Release|Win32
		{AA57CE39-2D09-4886-88A8-B670AE1957B9}.Release|x86.Build.0 = Release|Win32
		{8DC4C4B2-DEE1-4FF8-9916-D8DB2F97E31E}.Debug|x64.ActiveCfg = Debug|x64
		{8DC4C4B2-DEE1-4FF8-9916-D8DB2F97E31E}.Debug|x64.Build.0 = Debug|x64
		{8DC4C4B2-DEE1-4FF8-9916-D8DB2F97E31E}.Debug|x86.ActiveCfg = Debug|Win32
		{8DC4C4B2-DEE1-4FF8-9916-D8DB2F97E31E}.Debug|x86.Build.0 = Debug|Win32
		{8DC4C4B2-DEE1-4FF8-9916-D8DB2F97E31E}.Release|x64.ActiveCfg = Release|x64
		{8DC4C4B2-DEE1-4FF8-9916-D8DB2F97E31E}.Release|x64.Build.0 = Release|x64
		{8DC4C4B2-DEE1-4FF8-9916-D8DB2F97E31E}.Release|x86.ActiveCfg = Release|Win32
		{8DC4C4B2-DEE1-4FF8-9916-D8DB2F97E31E}.Release|x86.Build.0 = Release|Win32
		{DF5D4168-0460-40DD-AC8A-E56F8B2E425D}.Debug|x64.ActiveCfg = Debug|x64
		{DF5D4168-0460-40DD-AC8A-E56F8B2E425D}.Debug|x64.Build.0 = Debug|x64
		{DF5D4168-0460-40DD-AC8A-E56F8B2E425D}.Debug|x86.ActiveCfg = Debug|Win32
		{DF5D4168-0460-40DD-AC8A-E56F8B2E425D}.Debug|x86.Build.0 = Debug|Win32
		{DF5D4168-0460-40DD-AC8A-E56F8B2E425D}.Release|x64.ActiveCfg = Release|x64
		{DF5D4168-0460-40DD-AC8A-E56F8B2E425D}.Release|x64.Build.0 = Release|x64
		{DF5D4168-0460-40DD-AC8A-E56F8B2E425D}.Release|x86.ActiveCfg = Release|Win32
		{DF5D4168-0460-40DD-AC8A-E56F8B2E425D}.Release|x86.Build.0 = Release|Win32
		{AA4B3E1B-6FD1-476A-8FA8-D1871FD0B415}.Debug|x64.ActiveCfg = Debug|x64
		{AA4B3E1B-6FD1-476A-8FA8-D1871FD0B415}.Debug|x64.Build.0 = Debug|x64
		{AA4B3E1B-6FD1-476A-8FA8-D1871FD0B415}.Debug|x86.ActiveCfg = Debug|Win32
		{AA4B3E1B-6FD1-476A-8FA8-D1871FD0B415}.Debug|x86.Build.0 = Debug|Win32
		{AA4B3E1B-6FD1-476A-8FA8-D1871FD0B415}.Release|x64.ActiveCfg = Release|x64
		{AA4B3E1B-6FD1-476A-8FA8-D1871FD0B415}.Release|x64.Build.0 = Release|x64
		{AA4B3E1B-6FD1-476A-8FA8-D1871FD0B415}.Release|x86.ActiveCfg = Release|Win32
		{AA4B3E1B-6FD1-476A-8FA8-D1871FD0B415}.Release|x86.Build.0 = Release|Win32
		{C97EE50F-3BCB-4860-9A09-481E11BD4549}.Debug|x64.ActiveCfg = Debug|x64
		{C97EE50F-3BCB-4860-9A09-481E11BD4549}.Debug|x64.Build.0 = Debug|x64
		{C97EE50F-3BCB-4860-9A09-481E11BD4549}.Debug|x86.ActiveCfg = Debug|Win32
		{C97EE50F-3BCB-4860-9A09-481E11BD4549}.Debug|x86.Build.0 = Debug|Win32
		{C97EE50F-3BCB-4860-9A09-481E11BD4549}.Release|x64.ActiveCfg = Release|x64
		{C97EE50F-3BCB-4860-9A09-481E11BD4549}.Release|x64.Build.0 = Release|x64
		{C97EE50F-3BCB-4860-9A09-481E11BD4549}.Release|x86.ActiveCfg = Release|Win32
		{C97EE50F-3BCB-4860-9A09-481E11BD4549}.Release|x86.Build.0 = Release|Win32
		{2DE07ABB-5EBB-4EB6-9562-3AA9E98F51BA}.Debug|x64.ActiveCfg = Debug|x64
		{2DE07ABB-5EBB-4EB6-9562-3AA9E98F51BA}.Debug|x64.Build.0 = Debug|x64
		{2DE07ABB-5EBB-4EB6-9562-3AA9E98F51BA}.Debug|x86.ActiveCfg = Debug|Win32
		{2DE07ABB-5EBB-4EB6-9562-3AA9E98F51BA}.Debug|x86.Build.0 = Debug|Win32
		{2DE07ABB-5EBB-4EB6-9562-3AA9E98F51BA}.Release|x64.ActiveCfg = Release|x64
		{2DE07ABB-5EBB-4EB6-9562-3AA9E98F51BA}.Release|x64.Build.0 = Release|x64
		{2DE07ABB-5EBB-4EB6-9562-3AA9E98F51BA}.Release|x86.ActiveCfg = Release|Win32
		{2DE07ABB-5EBB-4EB6-9562-3AA9E98F51BA}.Release|x86.Build.0 = Release|Win32
		{8502C3E6-883F-43C9-BF2A-827E633238F1}.Debug|x64.ActiveCfg = Debug|x64
		{8502C3E6-883F-43C9-BF2A-827E633238F1}.Debug|x64.Build.0 = Debug|x64
		{8502C3E6-883F-43C9-BF2A-827E633238F1}.Debug|x86.ActiveCfg = Debug|Win32
		{8502C3E6-883F-43C9-BF2A-827E633238F1}.Debug|x86.Build.0 = Debug|Win32
		{8502C3E6-883F-43C9-BF2A-827E633238F1}.Release|x64.ActiveCfg = Release|x64
		{8502C3E6-883F-43C9-BF2A-827E633238F1}.Release|x64.Build.0 = Release|x64
		{8502C3E6-883F-43C9-BF2A-827E633238F1}.Release|x86.ActiveCfg = Release|Win32
		{8502C3E6-883F-43C9-BF2A-827E633238F1}.Release|x86.Build.0 = Release|Win32
		{1322F37E-9753-46A9-B47B-26D0DA8ADA78}.Debug|x64.ActiveCfg = Debug|x64
		{1322F37E-9753-46A9-B47B-26D0DA8ADA78}.Debug|x64.Build.0 = Debug|x64
		{1322F37E-9753-46A9-B47B-26D0DA8ADA78}.Debug|x86.ActiveCfg = Debug|Win32
		{1322F37E-9753-46A9-B47B-26D0DA8ADA78}.Debug|x86.Build.0 = Debug|Win32
		{1322F37E-9753-46A9-B47B-26D0DA8ADA78}.Release|x64.ActiveCfg = Release|x64
		{1322F37E-9753-46A9-B47B-26D0DA8ADA78}.Release|x64.Build.0 = Release|x64
		{1322F37E-9753-46A9-B47B-26D0DA8ADA78}.Release|x86.ActiveCfg = Release|Win32
		{1322F37E-9753-46A9-B47B-26D0DA8ADA78}.Release|x86.Build.0 = Release|Win32
		{11185424-BAE3-41B5-A285-B7E0EEC0C828}.Debug|x64.ActiveCfg = Debug|x64
		{11185424-BAE3-41B5-A285-B7E0EEC0C828}.Debug|x64.Build.0 = Debug|x64
		{11185424-BAE3-41B5-A285-B7E0EEC0C828}.Debug|x86.ActiveCfg = Debug|Win32
		{11185424-BAE3-41B5-A285-B7E0EEC0C828}.Debug|x86.Build.0 = Debug|Win32
		{11185424-BAE3-41B5-A285-B7E0EEC0C828}.Release|x64.ActiveCfg = Release|x64
		{11185424-BAE3-41B5-A285-B7E0EEC0C828}.Release|x64.Build.0 = Release|x64
		{11185424-BAE3-41B5-A285-B7E0EEC0C828}.Release|x86.ActiveCfg = Release|Win32
		{11185424-BAE3-41B5-A285-B7E0EEC0C828}.Release|x86.Build.0 = Release|Win32
		{042851CD-5C7D-40AF-9402-93F021679670}.Debug|x64.ActiveCfg = Debug|x64
		{042851CD-5C7D-40AF-9402-93F021679670}.Debug|x64.Build.0 = Debug|x64
		{042851CD-5C7D-40AF-9402-93F021679670}.Debug|x86.ActiveCfg = Debug|Win32
		{042851CD-5C7D-40AF-9402-93F021679670}.Debug|x86.Build.0 = Debug|Win32
		{042851CD-5C7D-40AF-9402-93F021679670}.Release|x64.ActiveCfg = Release|x64
		{042851CD-5C7D-40AF-9402-93F021679670}.Release|x64.Build.0 = Release|x64
		{042851CD-5C7D-40AF-9402-93F021679670}.Release|x86.ActiveCfg = Release|Win32
		{042851CD-5C7D-40AF-9402-93F021679670}.Release|x86.Build.0 = Release|Win32
		{BA234253-B739-4BD5-9F8F-75AB3F8B104D}.Debug|x64.ActiveCfg = Debug|x64
		{BA234253-B739-4BD5-9F8F-75AB3F8B104D}.Debug|x64.Build.0 = Debug|x64
		{BA234253-B739-4BD5-9F8F-75AB3F8B104D}.Debug|x86.ActiveCfg = Debug|Win32
		{BA234253-B739-4BD5-9F8F-75AB3F8B104D}.Debug|x86.Build.0 = Debug|Win32
		{BA234253-B739-4BD5-9F8F-75AB3F8B104D}.Release|x64.ActiveCfg = Release|x64
		{BA234253-B739-4BD5-9F8F-75AB3F8B104D}.Release|x64.Build.0 = Release|x64
		{BA234253-B739-4BD5-9F8F-75AB3F8B104D}.Release|x86.ActiveCfg = Release|Win32
		{BA234253-B739-4BD5-9F8F-75AB3F8B104D}.Release|x86.Build.0 = Release|Win32
		{9CF654CF-78E4-480F-8AF9-5F674E43AB90}.Debug|x64.ActiveCfg = Debug|x64
		{9CF654CF-78E4-480F-8AF9-5F674E43AB90}.Debug|x64.Build.0 = Debug|x64
		{9CF654CF-78E4-480F-8AF9-5F674E43AB90}.Debug|x86.ActiveCfg = Debug|Win32
		{9CF654CF-78E4-480F-8AF9-5F674E43AB90}.Debug|x86.Build.0 = Debug|Win32
		{9CF654CF-78E4-480F-8AF9-5F674E43AB90}.Release|x64.ActiveCfg = Release|x64
		{9CF654CF-78E4-480F-8AF9-5F674E43AB90}.Release|x64.Build.0 = Release|x64
		{9CF654CF-78E4-480F-8AF9-5F674E43AB90}.Release|x86.ActiveCfg = Release|Win32
		{9CF654CF-78E4-480F-8AF9-5F674E43AB90}.Release|x86.Build.0 = Release|Win32
	EndGlobalSection
	GlobalSection(SolutionProperties) = preSolution
		HideSolutionNode = FALSE
	EndGlobalSection
	GlobalSection(ExtensibilityGlobals) = postSolution
		SolutionGuid = {07790247-7759-4EB1-AF12-51C81597F0CD}
	EndGlobalSection
EndGlobal
